{
  "name": "@quackware/npm",
  "version": "0.0.0",
  "lockfileVersion": 2,
  "requires": true,
  "packages": {
    "": {
      "name": "@quackware/npm",
      "version": "0.0.0",
      "workspaces": [
        "./packages/*"
      ]
    },
    "node_modules/@quackware/graph-arborist": {
      "resolved": "packages/graph-arborist",
      "link": true
    },
    "node_modules/@quackware/npm-types": {
      "resolved": "packages/npm-types",
      "link": true
    },
    "node_modules/@quackware/registry": {
      "resolved": "packages/registry",
      "link": true
    },
    "packages/graph-arborist": {
      "name": "@quackware/graph-arborist",
      "version": "0.0.0"
    },
    "packages/npm-types": {
      "name": "@quackware/npm-types",
      "version": "0.0.0"
    },
    "packages/registry": {
      "name": "@quackware/registry",
      "version": "0.0.0"
    }
  },
  "dependencies": {
    "@quackware/graph-arborist": {
      "version": "file:packages/graph-arborist"
    },
    "@quackware/npm-types": {
      "version": "file:packages/npm-types"
    },
    "@quackware/registry": {
      "version": "file:packages/registry"
    }
  }
}
